{
  "lockfileVersion": 1,
  "workspaces": {
    "": {
      "dependencies": {
        "@types/node": "^24.4.0",
        "eris": "^0.18.0",
      },
    },
  },
  "packages": {
    "@types/node": ["@types/node@24.4.0", "", { "dependencies": { "undici-types": "~7.11.0" } }, "sha512-gUuVEAK4/u6F9wRLznPUU4WGUacSEBDPoC2TrBkw3GAnOLHBL45QdfHOXp1kJ4ypBGLxTOB+t7NJLpKoC3gznQ=="],

    "eris": ["eris@0.18.0", "", { "dependencies": { "ws": "^8.2.3" }, "optionalDependencies": { "opusscript": "^0.0.8", "tweetnacl": "^1.0.3" } }, "sha512-zv2hjAfs4SYjR/EHUwBGNoKClctbqki1jPMed4SiQ4KKfafV1MIBLqKodQSGDgT9qkSUI5+MQ4EQW/8MkbAPkg=="],

    "opusscript": ["opusscript@0.0.8", "", {}, "sha512-VSTi1aWFuCkRCVq+tx/BQ5q9fMnQ9pVZ3JU4UHKqTkf0ED3fKEPdr+gKAAl3IA2hj9rrP6iyq3hlcJq3HELtNQ=="],

    "tweetnacl": ["tweetnacl@1.0.3", "", {}, "sha512-6rt+RN7aOi1nGMyC4Xa5DdYiukl2UWCbcJft7YhxReBGQD7OAM8Pbxw6YMo4r2diNEA8FEmu32YOn9rhaiE5yw=="],

    "undici-types": ["undici-types@7.11.0", "", {}, "sha512-kt1ZriHTi7MU+Z/r9DOdAI3ONdaR3M3csEaRc6ewa4f4dTvX4cQCbJ4NkEn0ohE4hHtq85+PhPSTY+pO/1PwgA=="],

    "ws": ["ws@8.18.3", "", { "peerDependencies": { "bufferutil": "^4.0.1", "utf-8-validate": ">=5.0.2" }, "optionalPeers": ["bufferutil", "utf-8-validate"] }, "sha512-PEIGCY5tSlUt50cqyMXfCzX+oOPqN0vuGqWzbcJ2xvnkzkq46oOpz7dQaTDBdfICb4N14+GARUDw2XV2N4tvzg=="],
  }
}
