lockfileVersion: '6.0'

settings:
  autoInstallPeers: true
  excludeLinksFromLockfile: false

dependencies:
  '@types/node':
    specifier: ^20.4.5
    version: 20.4.5
  dotenv:
    specifier: ^16.3.1
    version: 16.3.1
  eris:
    specifier: ^0.17.2
    version: 0.17.2

packages:

  /@types/node@20.4.5:
    resolution: {integrity: sha512-rt40Nk13II9JwQBdeYqmbn2Q6IVTA5uPhvSO+JVqdXw/6/4glI6oR9ezty/A9Hg5u7JH4OmYmuQ+XvjKm0Datg==}
    dev: false

  /dotenv@16.3.1:
    resolution: {integrity: sha512-IPzF4w4/Rd94bA9imS68tZBaYyBWSCE47V1RGuMrB94iyTOIEwRmVL2x/4An+6mETpLrKJ5hQkB8W4kFAadeIQ==}
    engines: {node: '>=12'}
    dev: false

  /eris@0.17.2:
    resolution: {integrity: sha512-OzffDSL81VooFXfRn56ienSg7J6fagoN8WdkmCHjn0B9a4jUA3bVouMztQiaXT54jHV5jaX9D0mJ/b9/0mFoVg==}
    engines: {node: '>=10.4.0'}
    dependencies:
      ws: 8.13.0
    optionalDependencies:
      opusscript: 0.0.8
      tweetnacl: 1.0.3
    transitivePeerDependencies:
      - bufferutil
      - utf-8-validate
    dev: false

  /opusscript@0.0.8:
    resolution: {integrity: sha512-VSTi1aWFuCkRCVq+tx/BQ5q9fMnQ9pVZ3JU4UHKqTkf0ED3fKEPdr+gKAAl3IA2hj9rrP6iyq3hlcJq3HELtNQ==}
    requiresBuild: true
    dev: false
    optional: true

  /tweetnacl@1.0.3:
    resolution: {integrity: sha512-6rt+RN7aOi1nGMyC4Xa5DdYiukl2UWCbcJft7YhxReBGQD7OAM8Pbxw6YMo4r2diNEA8FEmu32YOn9rhaiE5yw==}
    requiresBuild: true
    dev: false
    optional: true

  /ws@8.13.0:
    resolution: {integrity: sha512-x9vcZYTrFPC7aSIbj7sRCYo7L/Xb8Iy+pW0ng0wt2vCJv7M9HOMy0UoN3rr+IFC7hb7vXoqS+P9ktyLLLhO+LA==}
    engines: {node: '>=10.0.0'}
    peerDependencies:
      bufferutil: ^4.0.1
      utf-8-validate: '>=5.0.2'
    peerDependenciesMeta:
      bufferutil:
        optional: true
      utf-8-validate:
        optional: true
    dev: false
